
Microsoft Visual Studio Solution File, Format Version 12.00
# Visual Studio Version 16
VisualStudioVersion = 16.0.31624.102
MinimumVisualStudioVersion = 10.0.40219.1
Project("{9A19103F-16F7-4668-BE54-9A1E7A4F7556}") = "MonitorKvm.Service", "MonitorKvm.Service\MonitorKvm.Service.csproj", "{0759C9C2-0B71-45FD-B0C9-E548A9B526C7}"
EndProject
Project("{9A19103F-16F7-4668-BE54-9A1E7A4F7556}") = "MonitorKvm.Core", "MonitorKvm.Core\MonitorKvm.Core.csproj", "{CC7F62F8-9150-4610-AA95-4A754216FECC}"
EndProject
Project("{9A19103F-16F7-4668-BE54-9A1E7A4F7556}") = "MonitorKvm.UsbProvider", "MonitorKvm.UsbProvider\MonitorKvm.UsbProvider.csproj", "{5E58903C-DA86-4F88-9B02-479096A01050}"
EndProject
Project("{9A19103F-16F7-4668-BE54-9A1E7A4F7556}") = "MonitorKvm.Core.Listener", "MonitorKvm.Core.Listener\MonitorKvm.Core.Listener.csproj", "{6E565F7E-36FA-40F9-A3DF-806B2C9C3CED}"
EndProject
Project("{8BC9CEB8-8B4A-11D0-8D11-00A0C91BC942}") = "MonitorKvm.EnsureWindowsNightMode", "MonitorKvm.EnsureWindowsNightMode\MonitorKvm.WindowsNightModeToggle.vcxproj", "{7C18BF5C-6AFC-42F2-AC24-5BA7A798B5F5}"
EndProject
Global
	GlobalSection(SolutionConfigurationPlatforms) = preSolution
		Debug|Any CPU = Debug|Any CPU
		Debug|x64 = Debug|x64
		Debug|x86 = Debug|x86
		Release|Any CPU = Release|Any CPU
		Release|x64 = Release|x64
		Release|x86 = Release|x86
	EndGlobalSection
	GlobalSection(ProjectConfigurationPlatforms) = postSolution
		{0759C9C2-0B71-45FD-B0C9-E548A9B526C7}.Debug|Any CPU.ActiveCfg = Debug|Any CPU
		{0759C9C2-0B71-45FD-B0C9-E548A9B526C7}.Debug|Any CPU.Build.0 = Debug|Any CPU
		{0759C9C2-0B71-45FD-B0C9-E548A9B526C7}.Debug|x64.ActiveCfg = Debug|Any CPU
		{0759C9C2-0B71-45FD-B0C9-E548A9B526C7}.Debug|x64.Build.0 = Debug|Any CPU
		{0759C9C2-0B71-45FD-B0C9-E548A9B526C7}.Debug|x86.ActiveCfg = Debug|Any CPU
		{0759C9C2-0B71-45FD-B0C9-E548A9B526C7}.Debug|x86.Build.0 = Debug|Any CPU
		{0759C9C2-0B71-45FD-B0C9-E548A9B526C7}.Release|Any CPU.ActiveCfg = Release|Any CPU
		{0759C9C2-0B71-45FD-B0C9-E548A9B526C7}.Release|Any CPU.Build.0 = Release|Any CPU
		{0759C9C2-0B71-45FD-B0C9-E548A9B526C7}.Release|x64.ActiveCfg = Release|Any CPU
		{0759C9C2-0B71-45FD-B0C9-E548A9B526C7}.Release|x64.Build.0 = Release|Any CPU
		{0759C9C2-0B71-45FD-B0C9-E548A9B526C7}.Release|x86.ActiveCfg = Release|Any CPU
		{0759C9C2-0B71-45FD-B0C9-E548A9B526C7}.Release|x86.Build.0 = Release|Any CPU
		{CC7F62F8-9150-4610-AA95-4A754216FECC}.Debug|Any CPU.ActiveCfg = Debug|Any CPU
		{CC7F62F8-9150-4610-AA95-4A754216FECC}.Debug|Any CPU.Build.0 = Debug|Any CPU
		{CC7F62F8-9150-4610-AA95-4A754216FECC}.Debug|x64.ActiveCfg = Debug|Any CPU
		{CC7F62F8-9150-4610-AA95-4A754216FECC}.Debug|x64.Build.0 = Debug|Any CPU
		{CC7F62F8-9150-4610-AA95-4A754216FECC}.Debug|x86.ActiveCfg = Debug|Any CPU
		{CC7F62F8-9150-4610-AA95-4A754216FECC}.Debug|x86.Build.0 = Debug|Any CPU
		{CC7F62F8-9150-4610-AA95-4A754216FECC}.Release|Any CPU.ActiveCfg = Release|Any CPU
		{CC7F62F8-9150-4610-AA95-4A754216FECC}.Release|Any CPU.Build.0 = Release|Any CPU
		{CC7F62F8-9150-4610-AA95-4A754216FECC}.Release|x64.ActiveCfg = Release|Any CPU
		{CC7F62F8-9150-4610-AA95-4A754216FECC}.Release|x64.Build.0 = Release|Any CPU
		{CC7F62F8-9150-4610-AA95-4A754216FECC}.Release|x86.ActiveCfg = Release|Any CPU
		{CC7F62F8-9150-4610-AA95-4A754216FECC}.Release|x86.Build.0 = Release|Any CPU
		{5E58903C-DA86-4F88-9B02-479096A01050}.Debug|Any CPU.ActiveCfg = Debug|Any CPU
		{5E58903C-DA86-4F88-9B02-479096A01050}.Debug|Any CPU.Build.0 = Debug|Any CPU
		{5E58903C-DA86-4F88-9B02-479096A01050}.Debug|x64.ActiveCfg = Debug|Any CPU
		{5E58903C-DA86-4F88-9B02-479096A01050}.Debug|x64.Build.0 = Debug|Any CPU
		{5E58903C-DA86-4F88-9B02-479096A01050}.Debug|x86.ActiveCfg = Debug|Any CPU
		{5E58903C-DA86-4F88-9B02-479096A01050}.Debug|x86.Build.0 = Debug|Any CPU
		{5E58903C-DA86-4F88-9B02-479096A01050}.Release|Any CPU.ActiveCfg = Release|Any CPU
		{5E58903C-DA86-4F88-9B02-479096A01050}.Release|Any CPU.Build.0 = Release|Any CPU
		{5E58903C-DA86-4F88-9B02-479096A01050}.Release|x64.ActiveCfg = Release|Any CPU
		{5E58903C-DA86-4F88-9B02-479096A01050}.Release|x64.Build.0 = Release|Any CPU
		{5E58903C-DA86-4F88-9B02-479096A01050}.Release|x86.ActiveCfg = Release|Any CPU
		{5E58903C-DA86-4F88-9B02-479096A01050}.Release|x86.Build.0 = Release|Any CPU
		{6E565F7E-36FA-40F9-A3DF-806B2C9C3CED}.Debug|Any CPU.ActiveCfg = Debug|Any CPU
		{6E565F7E-36FA-40F9-A3DF-806B2C9C3CED}.Debug|Any CPU.Build.0 = Debug|Any CPU
		{6E565F7E-36FA-40F9-A3DF-806B2C9C3CED}.Debug|x64.ActiveCfg = Debug|Any CPU
		{6E565F7E-36FA-40F9-A3DF-806B2C9C3CED}.Debug|x64.Build.0 = Debug|Any CPU
		{6E565F7E-36FA-40F9-A3DF-806B2C9C3CED}.Debug|x86.ActiveCfg = Debug|Any CPU
		{6E565F7E-36FA-40F9-A3DF-806B2C9C3CED}.Debug|x86.Build.0 = Debug|Any CPU
		{6E565F7E-36FA-40F9-A3DF-806B2C9C3CED}.Release|Any CPU.ActiveCfg = Release|Any CPU
		{6E565F7E-36FA-40F9-A3DF-806B2C9C3CED}.Release|Any CPU.Build.0 = Release|Any CPU
		{6E565F7E-36FA-40F9-A3DF-806B2C9C3CED}.Release|x64.ActiveCfg = Release|Any CPU
		{6E565F7E-36FA-40F9-A3DF-806B2C9C3CED}.Release|x64.Build.0 = Release|Any CPU
		{6E565F7E-36FA-40F9-A3DF-806B2C9C3CED}.Release|x86.ActiveCfg = Release|Any CPU
		{6E565F7E-36FA-40F9-A3DF-806B2C9C3CED}.Release|x86.Build.0 = Release|Any CPU
		{7C18BF5C-6AFC-42F2-AC24-5BA7A798B5F5}.Debug|Any CPU.ActiveCfg = Debug|x64
		{7C18BF5C-6AFC-42F2-AC24-5BA7A798B5F5}.Debug|x64.ActiveCfg = Debug|x64
		{7C18BF5C-6AFC-42F2-AC24-5BA7A798B5F5}.Debug|x64.Build.0 = Debug|x64
		{7C18BF5C-6AFC-42F2-AC24-5BA7A798B5F5}.Debug|x86.ActiveCfg = Debug|Win32
		{7C18BF5C-6AFC-42F2-AC24-5BA7A798B5F5}.Debug|x86.Build.0 = Debug|Win32
		{7C18BF5C-6AFC-42F2-AC24-5BA7A798B5F5}.Release|Any CPU.ActiveCfg = Release|x64
		{7C18BF5C-6AFC-42F2-AC24-5BA7A798B5F5}.Release|x64.ActiveCfg = Release|x64
		{7C18BF5C-6AFC-42F2-AC24-5BA7A798B5F5}.Release|x64.Build.0 = Release|x64
		{7C18BF5C-6AFC-42F2-AC24-5BA7A798B5F5}.Release|x86.ActiveCfg = Release|Win32
		{7C18BF5C-6AFC-42F2-AC24-5BA7A798B5F5}.Release|x86.Build.0 = Release|Win32
	EndGlobalSection
	GlobalSection(SolutionProperties) = preSolution
		HideSolutionNode = FALSE
	EndGlobalSection
	GlobalSection(ExtensibilityGlobals) = postSolution
		SolutionGuid = {99D5CE22-87CB-450A-849E-A2BC189E7BD2}
	EndGlobalSection
EndGlobal
