
Microsoft Visual Studio Solution File, Format Version 12.00
# Visual Studio Version 16
VisualStudioVersion = 16.0.31624.102
MinimumVisualStudioVersion = 10.0.40219.1
Project("{FAE04EC0-301F-11D3-BF4B-00C04F79EFBC}") = "MonitorKvm.Service", "MonitorKvm.Service\MonitorKvm.Service.csproj", "{0759C9C2-0B71-45FD-B0C9-E548A9B526C7}"
EndProject
Global
	GlobalSection(SolutionConfigurationPlatforms) = preSolution
		Debug|Any CPU = Debug|Any CPU
		Release|Any CPU = Release|Any CPU
	EndGlobalSection
	GlobalSection(ProjectConfigurationPlatforms) = postSolution
		{0759C9C2-0B71-45FD-B0C9-E548A9B526C7}.Debug|Any CPU.ActiveCfg = Debug|Any CPU
		{0759C9C2-0B71-45FD-B0C9-E548A9B526C7}.Debug|Any CPU.Build.0 = Debug|Any CPU
		{0759C9C2-0B71-45FD-B0C9-E548A9B526C7}.Release|Any CPU.ActiveCfg = Release|Any CPU
		{0759C9C2-0B71-45FD-B0C9-E548A9B526C7}.Release|Any CPU.Build.0 = Release|Any CPU
	EndGlobalSection
	GlobalSection(SolutionProperties) = preSolution
		HideSolutionNode = FALSE
	EndGlobalSection
	GlobalSection(ExtensibilityGlobals) = postSolution
		SolutionGuid = {99D5CE22-87CB-450A-849E-A2BC189E7BD2}
	EndGlobalSection
EndGlobal
